
Microsoft Visual Studio Solution File, Format Version 12.00
# Visual Studio 2012
# SharpDevelop 5.1
VisualStudioVersion = 14.0.25420.1
MinimumVisualStudioVersion = 10.0.40219.1
Project("{2150E333-8FDC-42A3-9474-1A3956D46DE8}") = "Solution Items", "Solution Items", "{9D8AA62E-536E-4504-98BB-0287F6702E45}"
	ProjectSection(SolutionItems) = preProject
		VEB_Tosca_Keywords\CheckMail.cs = VEB_Tosca_Keywords\CheckMail.cs
		VEB_Tosca_Keywords\CheckMessage.cs = VEB_Tosca_Keywords\CheckMessage.cs
		VEB_Tosca_Keywords\CheckWorkingDays.cs = VEB_Tosca_Keywords\CheckWorkingDays.cs
		VEB_Tosca_Keywords\ClearDirectory.cs = VEB_Tosca_Keywords\ClearDirectory.cs
		VEB_Tosca_Keywords\CountMails.cs = VEB_Tosca_Keywords\CountMails.cs
		VEB_Tosca_Keywords\CreateRepository.cs = VEB_Tosca_Keywords\CreateRepository.cs
		VEB_Tosca_Keywords\DecodeDataToFile.cs = VEB_Tosca_Keywords\DecodeDataToFile.cs
		VEB_Tosca_Keywords\DeleteAllMessages.cs = VEB_Tosca_Keywords\DeleteAllMessages.cs
		VEB_Tosca_Keywords\DeleteBuffer.cs = VEB_Tosca_Keywords\DeleteBuffer.cs
		VEB_Tosca_Keywords\DeleteRepository.cs = VEB_Tosca_Keywords\DeleteRepository.cs
		VEB_Tosca_Keywords\EncodeFileToBuffer.cs = VEB_Tosca_Keywords\EncodeFileToBuffer.cs
		VEB_Tosca_Keywords\GetColumnNames.cs = VEB_Tosca_Keywords\GetColumnNames.cs
		VEB_Tosca_Keywords\GenerateExchange.cs = VEB_Tosca_Keywords\GenerateExchange.cs
		VEB_Tosca_Keywords\GenerateIban.cs = VEB_Tosca_Keywords\GenerateIban.cs
		VEB_Tosca_Keywords\ICompExecute.cs = VEB_Tosca_Keywords\ICompExecute.cs
		VEB_Tosca_Keywords\IdentifyFileWithPattern.cs = VEB_Tosca_Keywords\IdentifyFileWithPattern.cs
		VEB_Tosca_Keywords\ListMails.cs = VEB_Tosca_Keywords\ListMails.cs
		VEB_Tosca_Keywords\LoadSettings.cs = VEB_Tosca_Keywords\LoadSettings.cs
		VEB_Tosca_Keywords\LogValue.cs = VEB_Tosca_Keywords\LogValue.cs
		VEB_Tosca_Keywords\MSGExecute.cs = VEB_Tosca_Keywords\MSGExecute.cs
		VEB_Tosca_Keywords\packages.config = VEB_Tosca_Keywords\packages.config
		VEB_Tosca_Keywords\PDFExecute.cs = VEB_Tosca_Keywords\PDFExecute.cs
		VEB_Tosca_Keywords\ResetSession.cs = VEB_Tosca_Keywords\ResetSession.cs
		VEB_Tosca_Keywords\SeleneseExecute.cs = VEB_Tosca_Keywords\SeleneseExecute.cs
		VEB_Tosca_Keywords\SendMail.cs = VEB_Tosca_Keywords\SendMail.cs
		VEB_Tosca_Keywords\StartJava.cs = VEB_Tosca_Keywords\StartJava.cs
		VEB_Tosca_Keywords\StartVebtal.cs = VEB_Tosca_Keywords\StartVebtal.cs
		VEB_Tosca_Keywords\TN3270Execute.cs = VEB_Tosca_Keywords\TN3270Execute.cs
		VEB_Tosca_Keywords\TNExecute.cs = VEB_Tosca_Keywords\TNExecute.cs
		VEB_Tosca_Keywords\TNTestData.cs = VEB_Tosca_Keywords\TNTestData.cs
		VEB_Tosca_Keywords\WaitForFile.cs = VEB_Tosca_Keywords\WaitForFile.cs
		VEB_Tosca_Keywords\GetColumnValue.cs = VEB_Tosca_Keywords\GetColumnValue.cs
	EndProjectSection
EndProject
Global
	GlobalSection(SolutionConfigurationPlatforms) = preSolution
		Debug|Any CPU = Debug|Any CPU
		Release|Any CPU = Release|Any CPU
	EndGlobalSection
	GlobalSection(SolutionProperties) = preSolution
		HideSolutionNode = FALSE
	EndGlobalSection
EndGlobal
